
Microsoft Visual Studio Solution File, Format Version 12.00
# Visual Studio Version 17
VisualStudioVersion = 17.5.33414.496
MinimumVisualStudioVersion = 10.0.40219.1
Project("{FAE04EC0-301F-11D3-BF4B-00C04F79EFBC}") = "One.Inception", "One.Inception\One.Inception.csproj", "{A57B578C-0BFD-977B-6301-48FDB40CC624}"
EndProject
Project("{FAE04EC0-301F-11D3-BF4B-00C04F79EFBC}") = "One.Inception.Performance", "One.Inception.Performance\One.Inception.Performance.csproj", "{F406CE5C-4141-C057-5859-93FC09FBB27E}"
EndProject
Project("{FAE04EC0-301F-11D3-BF4B-00C04F79EFBC}") = "One.Inception.Tests", "One.Inception.Tests\One.Inception.Tests.csproj", "{541B983F-6056-BBAE-A7A4-5F069B90567E}"
EndProject
Global
	GlobalSection(SolutionConfigurationPlatforms) = preSolution
		Debug|Any CPU = Debug|Any CPU
		Release|Any CPU = Release|Any CPU
	EndGlobalSection
	GlobalSection(ProjectConfigurationPlatforms) = postSolution
		{A57B578C-0BFD-977B-6301-48FDB40CC624}.Debug|Any CPU.ActiveCfg = Debug|Any CPU
		{A57B578C-0BFD-977B-6301-48FDB40CC624}.Debug|Any CPU.Build.0 = Debug|Any CPU
		{A57B578C-0BFD-977B-6301-48FDB40CC624}.Release|Any CPU.ActiveCfg = Release|Any CPU
		{A57B578C-0BFD-977B-6301-48FDB40CC624}.Release|Any CPU.Build.0 = Release|Any CPU
		{F406CE5C-4141-C057-5859-93FC09FBB27E}.Debug|Any CPU.ActiveCfg = Debug|Any CPU
		{F406CE5C-4141-C057-5859-93FC09FBB27E}.Debug|Any CPU.Build.0 = Debug|Any CPU
		{F406CE5C-4141-C057-5859-93FC09FBB27E}.Release|Any CPU.ActiveCfg = Release|Any CPU
		{F406CE5C-4141-C057-5859-93FC09FBB27E}.Release|Any CPU.Build.0 = Release|Any CPU
		{541B983F-6056-BBAE-A7A4-5F069B90567E}.Debug|Any CPU.ActiveCfg = Debug|Any CPU
		{541B983F-6056-BBAE-A7A4-5F069B90567E}.Debug|Any CPU.Build.0 = Debug|Any CPU
		{541B983F-6056-BBAE-A7A4-5F069B90567E}.Release|Any CPU.ActiveCfg = Release|Any CPU
		{541B983F-6056-BBAE-A7A4-5F069B90567E}.Release|Any CPU.Build.0 = Release|Any CPU
	EndGlobalSection
	GlobalSection(SolutionProperties) = preSolution
		HideSolutionNode = FALSE
	EndGlobalSection
	GlobalSection(ExtensibilityGlobals) = postSolution
		SolutionGuid = {807598FD-425C-457B-8814-124C93DD9DEE}
	EndGlobalSection
EndGlobal
